
Microsoft Visual Studio Solution File, Format Version 12.00
# Visual Studio Version 16
VisualStudioVersion = 16.0.31112.23
MinimumVisualStudioVersion = 10.0.40219.1
Project("{FAE04EC0-301F-11D3-BF4B-00C04F79EFBC}") = "PolymorphismPractice", "PolymorphismPractice.csproj", "{0DA18D5A-5682-4450-8BBB-3553AE955D12}"
EndProject
Global
	GlobalSection(SolutionConfigurationPlatforms) = preSolution
		Debug|Any CPU = Debug|Any CPU
		Release|Any CPU = Release|Any CPU
	EndGlobalSection
	GlobalSection(ProjectConfigurationPlatforms) = postSolution
		{0DA18D5A-5682-4450-8BBB-3553AE955D12}.Debug|Any CPU.ActiveCfg = Debug|Any CPU
		{0DA18D5A-5682-4450-8BBB-3553AE955D12}.Debug|Any CPU.Build.0 = Debug|Any CPU
		{0DA18D5A-5682-4450-8BBB-3553AE955D12}.Release|Any CPU.ActiveCfg = Release|Any CPU
		{0DA18D5A-5682-4450-8BBB-3553AE955D12}.Release|Any CPU.Build.0 = Release|Any CPU
	EndGlobalSection
	GlobalSection(SolutionProperties) = preSolution
		HideSolutionNode = FALSE
	EndGlobalSection
	GlobalSection(ExtensibilityGlobals) = postSolution
		SolutionGuid = {5AC7E93E-CB6A-4FAE-B3A9-ACEA5F092C0E}
	EndGlobalSection
EndGlobal
